
Microsoft Visual Studio Solution File, Format Version 12.00
# Visual Studio Version 17
VisualStudioVersion = 17.3.32929.385
MinimumVisualStudioVersion = 10.0.40219.1
Project("{FAE04EC0-301F-11D3-BF4B-00C04F79EFBC}") = "click-buster", "click-buster\click-buster.csproj", "{CCF9ADB6-15E6-4E28-B2EA-58D0B4994681}"
EndProject
Global
	GlobalSection(SolutionConfigurationPlatforms) = preSolution
		Debug|Any CPU = Debug|Any CPU
		Release|Any CPU = Release|Any CPU
	EndGlobalSection
	GlobalSection(ProjectConfigurationPlatforms) = postSolution
		{CCF9ADB6-15E6-4E28-B2EA-58D0B4994681}.Debug|Any CPU.ActiveCfg = Debug|Any CPU
		{CCF9ADB6-15E6-4E28-B2EA-58D0B4994681}.Debug|Any CPU.Build.0 = Debug|Any CPU
		{CCF9ADB6-15E6-4E28-B2EA-58D0B4994681}.Release|Any CPU.ActiveCfg = Release|Any CPU
		{CCF9ADB6-15E6-4E28-B2EA-58D0B4994681}.Release|Any CPU.Build.0 = Release|Any CPU
	EndGlobalSection
	GlobalSection(SolutionProperties) = preSolution
		HideSolutionNode = FALSE
	EndGlobalSection
	GlobalSection(ExtensibilityGlobals) = postSolution
		SolutionGuid = {30C32553-1EA5-4F96-9422-EC1EFE95802C}
	EndGlobalSection
EndGlobal
